
Microsoft Visual Studio Solution File, Format Version 12.00
# Visual Studio 15
VisualStudioVersion = 15.0.27428.2011
MinimumVisualStudioVersion = 10.0.40219.1
Project("{8BC9CEB8-8B4A-11D0-8D11-00A0C91BC942}") = "OpenGL", "OpenGL\OpenGL.vcxproj", "{AE4145E7-DA76-48C0-BFF4-BB8E3631D5BC}"
EndProject
Global
	GlobalSection(SolutionConfigurationPlatforms) = preSolution
		Debug|x64 = Debug|x64
		Debug|x86 = Debug|x86
		Release|x64 = Release|x64
		Release|x86 = Release|x86
	EndGlobalSection
	GlobalSection(ProjectConfigurationPlatforms) = postSolution
		{AE4145E7-DA76-48C0-BFF4-BB8E3631D5BC}.Debug|x64.ActiveCfg = Debug|x64
		{AE4145E7-DA76-48C0-BFF4-BB8E3631D5BC}.Debug|x64.Build.0 = Debug|x64
		{AE4145E7-DA76-48C0-BFF4-BB8E3631D5BC}.Debug|x86.ActiveCfg = Debug|Win32
		{AE4145E7-DA76-48C0-BFF4-BB8E3631D5BC}.Debug|x86.Build.0 = Debug|Win32
		{AE4145E7-DA76-48C0-BFF4-BB8E3631D5BC}.Release|x64.ActiveCfg = Release|x64
		{AE4145E7-DA76-48C0-BFF4-BB8E3631D5BC}.Release|x64.Build.0 = Release|x64
		{AE4145E7-DA76-48C0-BFF4-BB8E3631D5BC}.Release|x86.ActiveCfg = Release|Win32
		{AE4145E7-DA76-48C0-BFF4-BB8E3631D5BC}.Release|x86.Build.0 = Release|Win32
	EndGlobalSection
	GlobalSection(SolutionProperties) = preSolution
		HideSolutionNode = FALSE
	EndGlobalSection
	GlobalSection(ExtensibilityGlobals) = postSolution
		SolutionGuid = {3B7B5CCE-AD36-4C3B-9FA9-BEE0DC65E608}
	EndGlobalSection
EndGlobal
